github.com/ktye/fft v0.0.0-20160109133121-5beb24bb6a43 h1:P/FC0vnk8mHtU+PrgHwsexh/FGJUpHSNZOMp2II7XZo=
github.com/ktye/fft v0.0.0-20160109133121-5beb24bb6a43/go.mod h1:NOC+5BizuazWsAS/Ge7DXbXTrYzmmDXGqypnTaeNGcc=
github.com/mjibson/go-dsp v0.0.0-20180508042940-11479a337f12 h1:dd7vnTDfjtwCETZDrRe+GPYNLA1jBtbZeyfyE8eZCyk=
github.com/mjibson/go-dsp v0.0.0-20180508042940-11479a337f12/go.mod h1:i/KKcxEWEO8Yyl11DYafRPKOPVYTrhxiTRigjtEEXZU=
scientificgo.org/fft v0.0.0-20181116155530-840c07972bf0 h1:4Adzf5Y4GnJsfGWgnGWyAKJPrTFdHAd1Y53q/3hgl8M=
scientificgo.org/fft v0.0.0-20181116155530-840c07972bf0/go.mod h1:kjCWUUjwe8nWCDf1noBWJt/zni0qg84jDUBfJhH/ftA=
